// !$*UTF8*$!
{
	archiveVersion = 1;
	classes = {
	};
	objectVersion = 46;
	objects = {

/* Begin PBXBuildFile section */
		188D951A1DEC1DF100EAF0D7 /* AppDelegate.swift in Sources */ = {isa = PBXBuildFile; fileRef = 188D95191DEC1DF100EAF0D7 /* AppDelegate.swift */; };
		188D951C1DEC1DF100EAF0D7 /* ViewController.swift in Sources */ = {isa = PBXBuildFile; fileRef = 188D951B1DEC1DF100EAF0D7 /* ViewController.swift */; };
		188D951F1DEC1DF100EAF0D7 /* Main.storyboard in Resources */ = {isa = PBXBuildFile; fileRef = 188D951D1DEC1DF100EAF0D7 /* Main.storyboard */; };
		188D95221DEC1DF100EAF0D7 /* BindingProject.xcdatamodeld in Sources */ = {isa = PBXBuildFile; fileRef = 188D95201DEC1DF100EAF0D7 /* BindingProject.xcdatamodeld */; };
		188D95241DEC1DF100EAF0D7 /* Assets.xcassets in Resources */ = {isa = PBXBuildFile; fileRef = 188D95231DEC1DF100EAF0D7 /* Assets.xcassets */; };
		188D95271DEC1DF100EAF0D7 /* LaunchScreen.storyboard in Resources */ = {isa = PBXBuildFile; fileRef = 188D95251DEC1DF100EAF0D7 /* LaunchScreen.storyboard */; };
		188D952F1DEC1EC300EAF0D7 /* BindingManageObject.swift in Sources */ = {isa = PBXBuildFile; fileRef = 188D952E1DEC1EC300EAF0D7 /* BindingManageObject.swift */; };
/* End PBXBuildFile section */

/* Begin PBXFileReference section */
		188D95161DEC1DF100EAF0D7 /* BindingProject.app */ = {isa = PBXFileReference; explicitFileType = wrapper.application; includeInIndex = 0; path = BindingProject.app; sourceTree = BUILT_PRODUCTS_DIR; };
		188D95191DEC1DF100EAF0D7 /* AppDelegate.swift */ = {isa = PBXFileReference; lastKnownFileType = sourcecode.swift; path = AppDelegate.swift; sourceTree = "<group>"; };
		188D951B1DEC1DF100EAF0D7 /* ViewController.swift */ = {isa = PBXFileReference; lastKnownFileType = sourcecode.swift; path = ViewController.swift; sourceTree = "<group>"; };
		188D951E1DEC1DF100EAF0D7 /* Base */ = {isa = PBXFileReference; lastKnownFileType = file.storyboard; name = Base; path = Base.lproj/Main.storyboard; sourceTree = "<group>"; };
		188D95211DEC1DF100EAF0D7 /* BindingProject.xcdatamodel */ = {isa = PBXFileReference; lastKnownFileType = wrapper.xcdatamodel; path = BindingProject.xcdatamodel; sourceTree = "<group>"; };
		188D95231DEC1DF100EAF0D7 /* Assets.xcassets */ = {isa = PBXFileReference; lastKnownFileType = folder.assetcatalog; path = Assets.xcassets; sourceTree = "<group>"; };
		188D95261DEC1DF100EAF0D7 /* Base */ = {isa = PBXFileReference; lastKnownFileType = file.storyboard; name = Base; path = Base.lproj/LaunchScreen.storyboard; sourceTree = "<group>"; };
		188D95281DEC1DF100EAF0D7 /* Info.plist */ = {isa = PBXFileReference; lastKnownFileType = text.plist.xml; path = Info.plist; sourceTree = "<group>"; };
		188D952E1DEC1EC300EAF0D7 /* BindingManageObject.swift */ = {isa = PBXFileReference; fileEncoding = 4; lastKnownFileType = sourcecode.swift; path = BindingManageObject.swift; sourceTree = "<group>"; };
/* End PBXFileReference section */

/* Begin PBXFrameworksBuildPhase section */
		188D95131DEC1DF100EAF0D7 /* Frameworks */ = {
			isa = PBXFrameworksBuildPhase;
			buildActionMask = 2147483647;
			files = (
			);
			runOnlyForDeploymentPostprocessing = 0;
		};
/* End PBXFrameworksBuildPhase section */

/* Begin PBXGroup section */
		188D950D1DEC1DF100EAF0D7 = {
			isa = PBXGroup;
			children = (
				188D95181DEC1DF100EAF0D7 /* BindingProject */,
				188D95171DEC1DF100EAF0D7 /* Products */,
			);
			sourceTree = "<group>";
		};
		188D95171DEC1DF100EAF0D7 /* Products */ = {
			isa = PBXGroup;
			children = (
				188D95161DEC1DF100EAF0D7 /* BindingProject.app */,
			);
			name = Products;
			sourceTree = "<group>";
		};
		188D95181DEC1DF100EAF0D7 /* BindingProject */ = {
			isa = PBXGroup;
			children = (
				188D95191DEC1DF100EAF0D7 /* AppDelegate.swift */,
				188D951B1DEC1DF100EAF0D7 /* ViewController.swift */,
				188D952E1DEC1EC300EAF0D7 /* BindingManageObject.swift */,
				188D951D1DEC1DF100EAF0D7 /* Main.storyboard */,
				188D95231DEC1DF100EAF0D7 /* Assets.xcassets */,
				188D95251DEC1DF100EAF0D7 /* LaunchScreen.storyboard */,
				188D95281DEC1DF100EAF0D7 /* Info.plist */,
				188D95201DEC1DF100EAF0D7 /* BindingProject.xcdatamodeld */,
			);
			path = BindingProject;
			sourceTree = "<group>";
		};
/* End PBXGroup section */

/* Begin PBXNativeTarget section */
		188D95151DEC1DF100EAF0D7 /* BindingProject */ = {
			isa = PBXNativeTarget;
			buildConfigurationList = 188D952B1DEC1DF100EAF0D7 /* Build configuration list for PBXNativeTarget "BindingProject" */;
			buildPhases = (
				188D95121DEC1DF100EAF0D7 /* Sources */,
				188D95131DEC1DF100EAF0D7 /* Frameworks */,
				188D95141DEC1DF100EAF0D7 /* Resources */,
			);
			buildRules = (
			);
			dependencies = (
			);
			name = BindingProject;
			productName = BindingProject;
			productReference = 188D95161DEC1DF100EAF0D7 /* BindingProject.app */;
			productType = "com.apple.product-type.application";
		};
/* End PBXNativeTarget section */

/* Begin PBXProject section */
		188D950E1DEC1DF100EAF0D7 /* Project object */ = {
			isa = PBXProject;
			attributes = {
				LastSwiftUpdateCheck = 0810;
				LastUpgradeCheck = 0810;
				ORGANIZATIONNAME = vijayvirSingh;
				TargetAttributes = {
					188D95151DEC1DF100EAF0D7 = {
						CreatedOnToolsVersion = 8.1;
						ProvisioningStyle = Automatic;
					};
				};
			};
			buildConfigurationList = 188D95111DEC1DF100EAF0D7 /* Build configuration list for PBXProject "BindingProject" */;
			compatibilityVersion = "Xcode 3.2";
			developmentRegion = English;
			hasScannedForEncodings = 0;
			knownRegions = (
				en,
				Base,
			);
			mainGroup = 188D950D1DEC1DF100EAF0D7;
			productRefGroup = 188D95171DEC1DF100EAF0D7 /* Products */;
			projectDirPath = "";
			projectRoot = "";
			targets = (
				188D95151DEC1DF100EAF0D7 /* BindingProject */,
			);
		};
/* End PBXProject section */

/* Begin PBXResourcesBuildPhase section */
		188D95141DEC1DF100EAF0D7 /* Resources */ = {
			isa = PBXResourcesBuildPhase;
			buildActionMask = 2147483647;
			files = (
				188D95271DEC1DF100EAF0D7 /* LaunchScreen.storyboard in Resources */,
				188D95241DEC1DF100EAF0D7 /* Assets.xcassets in Resources */,
				188D951F1DEC1DF100EAF0D7 /* Main.storyboard in Resources */,
			);
			runOnlyForDeploymentPostprocessing = 0;
		};
/* End PBXResourcesBuildPhase section */

/* Begin PBXSourcesBuildPhase section */
		188D95121DEC1DF100EAF0D7 /* Sources */ = {
			isa = PBXSourcesBuildPhase;
			buildActionMask = 2147483647;
			files = (
				188D951C1DEC1DF100EAF0D7 /* ViewController.swift in Sources */,
				188D951A1DEC1DF100EAF0D7 /* AppDelegate.swift in Sources */,
				188D95221DEC1DF100EAF0D7 /* BindingProject.xcdatamodeld in Sources */,
				188D952F1DEC1EC300EAF0D7 /* BindingManageObject.swift in Sources */,
			);
			runOnlyForDeploymentPostprocessing = 0;
		};
/* End PBXSourcesBuildPhase section */

/* Begin PBXVariantGroup section */
		188D951D1DEC1DF100EAF0D7 /* Main.storyboard */ = {
			isa = PBXVariantGroup;
			children = (
				188D951E1DEC1DF100EAF0D7 /* Base */,
			);
			name = Main.storyboard;
			sourceTree = "<group>";
		};
		188D95251DEC1DF100EAF0D7 /* LaunchScreen.storyboard */ = {
			isa = PBXVariantGroup;
			children = (
				188D95261DEC1DF100EAF0D7 /* Base */,
			);
			name = LaunchScreen.storyboard;
			sourceTree = "<group>";
		};
/* End PBXVariantGroup section */

/* Begin XCBuildConfiguration section */
		188D95291DEC1DF100EAF0D7 /* Debug */ = {
			isa = XCBuildConfiguration;
			buildSettings = {
				ALWAYS_SEARCH_USER_PATHS = NO;
				CLANG_ANALYZER_NONNULL = YES;
				CLANG_CXX_LANGUAGE_STANDARD = "gnu++0x";
				CLANG_CXX_LIBRARY = "libc++";
				CLANG_ENABLE_MODULES = YES;
				CLANG_ENABLE_OBJC_ARC = YES;
				CLANG_WARN_BOOL_CONVERSION = YES;
				CLANG_WARN_CONSTANT_CONVERSION = YES;
				CLANG_WARN_DIRECT_OBJC_ISA_USAGE = YES_ERROR;
				CLANG_WARN_DOCUMENTATION_COMMENTS = YES;
				CLANG_WARN_EMPTY_BODY = YES;
				CLANG_WARN_ENUM_CONVERSION = YES;
				CLANG_WARN_INFINITE_RECURSION = YES;
				CLANG_WARN_INT_CONVERSION = YES;
				CLANG_WARN_OBJC_ROOT_CLASS = YES_ERROR;
				CLANG_WARN_SUSPICIOUS_MOVES = YES;
				CLANG_WARN_UNREACHABLE_CODE = YES;
				CLANG_WARN__DUPLICATE_METHOD_MATCH = YES;
				"CODE_SIGN_IDENTITY[sdk=iphoneos*]" = "iPhone Developer";
				COPY_PHASE_STRIP = NO;
				DEBUG_INFORMATION_FORMAT = dwarf;
				ENABLE_STRICT_OBJC_MSGSEND = YES;
				ENABLE_TESTABILITY = YES;
				GCC_C_LANGUAGE_STANDARD = gnu99;
				GCC_DYNAMIC_NO_PIC = NO;
				GCC_NO_COMMON_BLOCKS = YES;
				GCC_OPTIMIZATION_LEVEL = 0;
				GCC_PREPROCESSOR_DEFINITIONS = (
					"DEBUG=1",
					"$(inherited)",
				);
				GCC_WARN_64_TO_32_BIT_CONVERSION = YES;
				GCC_WARN_ABOUT_RETURN_TYPE = YES_ERROR;
				GCC_WARN_UNDECLARED_SELECTOR = YES;
				GCC_WARN_UNINITIALIZED_AUTOS = YES_AGGRESSIVE;
				GCC_WARN_UNUSED_FUNCTION = YES;
				GCC_WARN_UNUSED_VARIABLE = YES;
				IPHONEOS_DEPLOYMENT_TARGET = 10.1;
				MTL_ENABLE_DEBUG_INFO = YES;
				ONLY_ACTIVE_ARCH = YES;
				SDKROOT = iphoneos;
				SWIFT_ACTIVE_COMPILATION_CONDITIONS = DEBUG;
				SWIFT_OPTIMIZATION_LEVEL = "-Onone";
			};
			name = Debug;
		};
		188D952A1DEC1DF100EAF0D7 /* Release */ = {
			isa = XCBuildConfiguration;
			buildSettings = {
				ALWAYS_SEARCH_USER_PATHS = NO;
				CLANG_ANALYZER_NONNULL = YES;
				CLANG_CXX_LANGUAGE_STANDARD = "gnu++0x";
				CLANG_CXX_LIBRARY = "libc++";
				CLANG_ENABLE_MODULES = YES;
				CLANG_ENABLE_OBJC_ARC = YES;
				CLANG_WARN_BOOL_CONVERSION = YES;
				CLANG_WARN_CONSTANT_CONVERSION = YES;
				CLANG_WARN_DIRECT_OBJC_ISA_USAGE = YES_ERROR;
				CLANG_WARN_DOCUMENTATION_COMMENTS = YES;
				CLANG_WARN_EMPTY_BODY = YES;
				CLANG_WARN_ENUM_CONVERSION = YES;
				CLANG_WARN_INFINITE_RECURSION = YES;
				CLANG_WARN_INT_CONVERSION = YES;
				CLANG_WARN_OBJC_ROOT_CLASS = YES_ERROR;
				CLANG_WARN_SUSPICIOUS_MOVES = YES;
				CLANG_WARN_UNREACHABLE_CODE = YES;
				CLANG_WARN__DUPLICATE_METHOD_MATCH = YES;
				"CODE_SIGN_IDENTITY[sdk=iphoneos*]" = "iPhone Developer";
				COPY_PHASE_STRIP = NO;
				DEBUG_INFORMATION_FORMAT = "dwarf-with-dsym";
				ENABLE_NS_ASSERTIONS = NO;
				ENABLE_STRICT_OBJC_MSGSEND = YES;
				GCC_C_LANGUAGE_STANDARD = gnu99;
				GCC_NO_COMMON_BLOCKS = YES;
				GCC_WARN_64_TO_32_BIT_CONVERSION = YES;
				GCC_WARN_ABOUT_RETURN_TYPE = YES_ERROR;
				GCC_WARN_UNDECLARED_SELECTOR = YES;
				GCC_WARN_UNINITIALIZED_AUTOS = YES_AGGRESSIVE;
				GCC_WARN_UNUSED_FUNCTION = YES;
				GCC_WARN_UNUSED_VARIABLE = YES;
				IPHONEOS_DEPLOYMENT_TARGET = 10.1;
				MTL_ENABLE_DEBUG_INFO = NO;
				SDKROOT = iphoneos;
				SWIFT_OPTIMIZATION_LEVEL = "-Owholemodule";
				VALIDATE_PRODUCT = YES;
			};
			name = Release;
		};
		188D952C1DEC1DF100EAF0D7 /* Debug */ = {
			isa = XCBuildConfiguration;
			buildSettings = {
				ASSETCATALOG_COMPILER_APPICON_NAME = AppIcon;
				INFOPLIST_FILE = BindingProject/Info.plist;
				LD_RUNPATH_SEARCH_PATHS = "$(inherited) @executable_path/Frameworks";
				PRODUCT_BUNDLE_IDENTIFIER = Vijayvir.BindingProject;
				PRODUCT_NAME = "$(TARGET_NAME)";
				SWIFT_VERSION = 3.0;
			};
			name = Debug;
		};
		188D952D1DEC1DF100EAF0D7 /* Release */ = {
			isa = XCBuildConfiguration;
			buildSettings = {
				ASSETCATALOG_COMPILER_APPICON_NAME = AppIcon;
				INFOPLIST_FILE = BindingProject/Info.plist;
				LD_RUNPATH_SEARCH_PATHS = "$(inherited) @executable_path/Frameworks";
				PRODUCT_BUNDLE_IDENTIFIER = Vijayvir.BindingProject;
				PRODUCT_NAME = "$(TARGET_NAME)";
				SWIFT_VERSION = 3.0;
			};
			name = Release;
		};
/* End XCBuildConfiguration section */

/* Begin XCConfigurationList section */
		188D95111DEC1DF100EAF0D7 /* Build configuration list for PBXProject "BindingProject" */ = {
			isa = XCConfigurationList;
			buildConfigurations = (
				188D95291DEC1DF100EAF0D7 /* Debug */,
				188D952A1DEC1DF100EAF0D7 /* Release */,
			);
			defaultConfigurationIsVisible = 0;
			defaultConfigurationName = Release;
		};
		188D952B1DEC1DF100EAF0D7 /* Build configuration list for PBXNativeTarget "BindingProject" */ = {
			isa = XCConfigurationList;
			buildConfigurations = (
				188D952C1DEC1DF100EAF0D7 /* Debug */,
				188D952D1DEC1DF100EAF0D7 /* Release */,
			);
			defaultConfigurationIsVisible = 0;
		};
/* End XCConfigurationList section */

/* Begin XCVersionGroup section */
		188D95201DEC1DF100EAF0D7 /* BindingProject.xcdatamodeld */ = {
			isa = XCVersionGroup;
			children = (
				188D95211DEC1DF100EAF0D7 /* BindingProject.xcdatamodel */,
			);
			currentVersion = 188D95211DEC1DF100EAF0D7 /* BindingProject.xcdatamodel */;
			path = BindingProject.xcdatamodeld;
			sourceTree = "<group>";
			versionGroupType = wrapper.xcdatamodel;
		};
/* End XCVersionGroup section */
	};
	rootObject = 188D950E1DEC1DF100EAF0D7 /* Project object */;
}
